{
  "name": "the-politico.github.io",
  "version": "1.0.0",
  "lockfileVersion": 1,
  "requires": true,
  "dependencies": {
    "@fortawesome/fontawesome-common-types": {
      "version": "0.1.3",
      "resolved": "https://registry.npmjs.org/@fortawesome/fontawesome-common-types/-/fontawesome-common-types-0.1.3.tgz",
      "integrity": "sha512-jJXUoNkmHozqlcXzNiYytcmEe3eNxn7Vh8hmnIoRi0TmT3ChQ0osuSApuIObIomnIcvqlA24FCpnamKvfZ7F5g=="
    },
    "@fortawesome/fontawesome-free-brands": {
      "version": "5.0.8",
      "resolved": "https://registry.npmjs.org/@fortawesome/fontawesome-free-brands/-/fontawesome-free-brands-5.0.8.tgz",
      "integrity": "sha512-r7qD8ZZt4ke0w1ZBHuINNIVHlSQpZOxhToF8CA2PK1TQsg2l/PsM2reTlzkNg/t1EldU4ivXW/qt6Y/uHEMMhw==",
      "requires": {
        "@fortawesome/fontawesome-common-types": "0.1.3"
      }
    }
  }
}
